// !$*UTF8*$!
{
	archiveVersion = 1;
	classes = {
	};
	objectVersion = 55;
	objects = {

/* Begin PBXBuildFile section */
		B97E555D280536E8007B984A /* Tests_iOS.swift in Sources */ = {isa = PBXBuildFile; fileRef = B97E555C280536E8007B984A /* Tests_iOS.swift */; };
		B97E555F280536E8007B984A /* Tests_iOSLaunchTests.swift in Sources */ = {isa = PBXBuildFile; fileRef = B97E555E280536E8007B984A /* Tests_iOSLaunchTests.swift */; };
		B97E5569280536E8007B984A /* Tests_macOS.swift in Sources */ = {isa = PBXBuildFile; fileRef = B97E5568280536E8007B984A /* Tests_macOS.swift */; };
		B97E556B280536E8007B984A /* Tests_macOSLaunchTests.swift in Sources */ = {isa = PBXBuildFile; fileRef = B97E556A280536E8007B984A /* Tests_macOSLaunchTests.swift */; };
		B97E556C280536E8007B984A /* Testing2022App.swift in Sources */ = {isa = PBXBuildFile; fileRef = B97E5544280536E7007B984A /* Testing2022App.swift */; };
		B97E556D280536E8007B984A /* Testing2022App.swift in Sources */ = {isa = PBXBuildFile; fileRef = B97E5544280536E7007B984A /* Testing2022App.swift */; };
		B97E556E280536E9007B984A /* ContentView.swift in Sources */ = {isa = PBXBuildFile; fileRef = B97E5545280536E7007B984A /* ContentView.swift */; };
		B97E556F280536E9007B984A /* ContentView.swift in Sources */ = {isa = PBXBuildFile; fileRef = B97E5545280536E7007B984A /* ContentView.swift */; };
		B97E5570280536E9007B984A /* Assets.xcassets in Resources */ = {isa = PBXBuildFile; fileRef = B97E5546280536E8007B984A /* Assets.xcassets */; };
		B97E5571280536E9007B984A /* Assets.xcassets in Resources */ = {isa = PBXBuildFile; fileRef = B97E5546280536E8007B984A /* Assets.xcassets */; };
		B97E558128053767007B984A /* BluetoothService.swift in Sources */ = {isa = PBXBuildFile; fileRef = B97E558028053767007B984A /* BluetoothService.swift */; };
		B97E558228053767007B984A /* BluetoothService.swift in Sources */ = {isa = PBXBuildFile; fileRef = B97E558028053767007B984A /* BluetoothService.swift */; };
		B97E55842805422E007B984A /* AppDelegate.swift in Sources */ = {isa = PBXBuildFile; fileRef = B97E55832805422E007B984A /* AppDelegate.swift */; };
		B97E55852805422E007B984A /* AppDelegate.swift in Sources */ = {isa = PBXBuildFile; fileRef = B97E55832805422E007B984A /* AppDelegate.swift */; };
		B9C8466028078C7D00363259 /* NotificationService.swift in Sources */ = {isa = PBXBuildFile; fileRef = B9C8465F28078C7D00363259 /* NotificationService.swift */; };
		B9C8466128078C7D00363259 /* NotificationService.swift in Sources */ = {isa = PBXBuildFile; fileRef = B9C8465F28078C7D00363259 /* NotificationService.swift */; };
		B9CC738B28064CE300D4D1ED /* BackgroundTasksService.swift in Sources */ = {isa = PBXBuildFile; fileRef = B9CC738A28064CE300D4D1ED /* BackgroundTasksService.swift */; };
		B9CC738C28064CE300D4D1ED /* BackgroundTasksService.swift in Sources */ = {isa = PBXBuildFile; fileRef = B9CC738A28064CE300D4D1ED /* BackgroundTasksService.swift */; };
/* End PBXBuildFile section */

/* Begin PBXContainerItemProxy section */
		B97E5559280536E8007B984A /* PBXContainerItemProxy */ = {
			isa = PBXContainerItemProxy;
			containerPortal = B97E553F280536E6007B984A /* Project object */;
			proxyType = 1;
			remoteGlobalIDString = B97E554A280536E8007B984A;
			remoteInfo = "Testing2022 (iOS)";
		};
		B97E5565280536E8007B984A /* PBXContainerItemProxy */ = {
			isa = PBXContainerItemProxy;
			containerPortal = B97E553F280536E6007B984A /* Project object */;
			proxyType = 1;
			remoteGlobalIDString = B97E5550280536E8007B984A;
			remoteInfo = "Testing2022 (macOS)";
		};
/* End PBXContainerItemProxy section */

/* Begin PBXFileReference section */
		B97E5544280536E7007B984A /* Testing2022App.swift */ = {isa = PBXFileReference; lastKnownFileType = sourcecode.swift; path = Testing2022App.swift; sourceTree = "<group>"; };
		B97E5545280536E7007B984A /* ContentView.swift */ = {isa = PBXFileReference; lastKnownFileType = sourcecode.swift; path = ContentView.swift; sourceTree = "<group>"; };
		B97E5546280536E8007B984A /* Assets.xcassets */ = {isa = PBXFileReference; lastKnownFileType = folder.assetcatalog; path = Assets.xcassets; sourceTree = "<group>"; };
		B97E554B280536E8007B984A /* Testing2022.app */ = {isa = PBXFileReference; explicitFileType = wrapper.application; includeInIndex = 0; path = Testing2022.app; sourceTree = BUILT_PRODUCTS_DIR; };
		B97E5551280536E8007B984A /* Testing2022.app */ = {isa = PBXFileReference; explicitFileType = wrapper.application; includeInIndex = 0; path = Testing2022.app; sourceTree = BUILT_PRODUCTS_DIR; };
		B97E5553280536E8007B984A /* macOS.entitlements */ = {isa = PBXFileReference; lastKnownFileType = text.plist.entitlements; path = macOS.entitlements; sourceTree = "<group>"; };
		B97E5558280536E8007B984A /* Tests iOS.xctest */ = {isa = PBXFileReference; explicitFileType = wrapper.cfbundle; includeInIndex = 0; path = "Tests iOS.xctest"; sourceTree = BUILT_PRODUCTS_DIR; };
		B97E555C280536E8007B984A /* Tests_iOS.swift */ = {isa = PBXFileReference; lastKnownFileType = sourcecode.swift; path = Tests_iOS.swift; sourceTree = "<group>"; };
		B97E555E280536E8007B984A /* Tests_iOSLaunchTests.swift */ = {isa = PBXFileReference; lastKnownFileType = sourcecode.swift; path = Tests_iOSLaunchTests.swift; sourceTree = "<group>"; };
		B97E5564280536E8007B984A /* Tests macOS.xctest */ = {isa = PBXFileReference; explicitFileType = wrapper.cfbundle; includeInIndex = 0; path = "Tests macOS.xctest"; sourceTree = BUILT_PRODUCTS_DIR; };
		B97E5568280536E8007B984A /* Tests_macOS.swift */ = {isa = PBXFileReference; lastKnownFileType = sourcecode.swift; path = Tests_macOS.swift; sourceTree = "<group>"; };
		B97E556A280536E8007B984A /* Tests_macOSLaunchTests.swift */ = {isa = PBXFileReference; lastKnownFileType = sourcecode.swift; path = Tests_macOSLaunchTests.swift; sourceTree = "<group>"; };
		B97E558028053767007B984A /* BluetoothService.swift */ = {isa = PBXFileReference; fileEncoding = 4; lastKnownFileType = sourcecode.swift; path = BluetoothService.swift; sourceTree = "<group>"; };
		B97E55832805422E007B984A /* AppDelegate.swift */ = {isa = PBXFileReference; lastKnownFileType = sourcecode.swift; path = AppDelegate.swift; sourceTree = "<group>"; };
		B97E55862805461A007B984A /* Testing2022--iOS--Info.plist */ = {isa = PBXFileReference; lastKnownFileType = text.plist; path = "Testing2022--iOS--Info.plist"; sourceTree = "<group>"; };
		B9C8465F28078C7D00363259 /* NotificationService.swift */ = {isa = PBXFileReference; lastKnownFileType = sourcecode.swift; path = NotificationService.swift; sourceTree = "<group>"; };
		B9CC738A28064CE300D4D1ED /* BackgroundTasksService.swift */ = {isa = PBXFileReference; lastKnownFileType = sourcecode.swift; path = BackgroundTasksService.swift; sourceTree = "<group>"; };
/* End PBXFileReference section */

/* Begin PBXFrameworksBuildPhase section */
		B97E5548280536E8007B984A /* Frameworks */ = {
			isa = PBXFrameworksBuildPhase;
			buildActionMask = 2147483647;
			files = (
			);
			runOnlyForDeploymentPostprocessing = 0;
		};
		B97E554E280536E8007B984A /* Frameworks */ = {
			isa = PBXFrameworksBuildPhase;
			buildActionMask = 2147483647;
			files = (
			);
			runOnlyForDeploymentPostprocessing = 0;
		};
		B97E5555280536E8007B984A /* Frameworks */ = {
			isa = PBXFrameworksBuildPhase;
			buildActionMask = 2147483647;
			files = (
			);
			runOnlyForDeploymentPostprocessing = 0;
		};
		B97E5561280536E8007B984A /* Frameworks */ = {
			isa = PBXFrameworksBuildPhase;
			buildActionMask = 2147483647;
			files = (
			);
			runOnlyForDeploymentPostprocessing = 0;
		};
/* End PBXFrameworksBuildPhase section */

/* Begin PBXGroup section */
		B97E553E280536E6007B984A = {
			isa = PBXGroup;
			children = (
				B97E55862805461A007B984A /* Testing2022--iOS--Info.plist */,
				B97E5543280536E7007B984A /* Shared */,
				B97E5552280536E8007B984A /* macOS */,
				B97E555B280536E8007B984A /* Tests iOS */,
				B97E5567280536E8007B984A /* Tests macOS */,
				B97E554C280536E8007B984A /* Products */,
			);
			sourceTree = "<group>";
		};
		B97E5543280536E7007B984A /* Shared */ = {
			isa = PBXGroup;
			children = (
				B97E5544280536E7007B984A /* Testing2022App.swift */,
				B97E5545280536E7007B984A /* ContentView.swift */,
				B97E558028053767007B984A /* BluetoothService.swift */,
				B9CC738A28064CE300D4D1ED /* BackgroundTasksService.swift */,
				B97E5546280536E8007B984A /* Assets.xcassets */,
				B97E55832805422E007B984A /* AppDelegate.swift */,
				B9C8465F28078C7D00363259 /* NotificationService.swift */,
			);
			path = Shared;
			sourceTree = "<group>";
		};
		B97E554C280536E8007B984A /* Products */ = {
			isa = PBXGroup;
			children = (
				B97E554B280536E8007B984A /* Testing2022.app */,
				B97E5551280536E8007B984A /* Testing2022.app */,
				B97E5558280536E8007B984A /* Tests iOS.xctest */,
				B97E5564280536E8007B984A /* Tests macOS.xctest */,
			);
			name = Products;
			sourceTree = "<group>";
		};
		B97E5552280536E8007B984A /* macOS */ = {
			isa = PBXGroup;
			children = (
				B97E5553280536E8007B984A /* macOS.entitlements */,
			);
			path = macOS;
			sourceTree = "<group>";
		};
		B97E555B280536E8007B984A /* Tests iOS */ = {
			isa = PBXGroup;
			children = (
				B97E555C280536E8007B984A /* Tests_iOS.swift */,
				B97E555E280536E8007B984A /* Tests_iOSLaunchTests.swift */,
			);
			path = "Tests iOS";
			sourceTree = "<group>";
		};
		B97E5567280536E8007B984A /* Tests macOS */ = {
			isa = PBXGroup;
			children = (
				B97E5568280536E8007B984A /* Tests_macOS.swift */,
				B97E556A280536E8007B984A /* Tests_macOSLaunchTests.swift */,
			);
			path = "Tests macOS";
			sourceTree = "<group>";
		};
/* End PBXGroup section */

/* Begin PBXNativeTarget section */
		B97E554A280536E8007B984A /* Testing2022 (iOS) */ = {
			isa = PBXNativeTarget;
			buildConfigurationList = B97E5574280536E9007B984A /* Build configuration list for PBXNativeTarget "Testing2022 (iOS)" */;
			buildPhases = (
				B97E5547280536E8007B984A /* Sources */,
				B97E5548280536E8007B984A /* Frameworks */,
				B97E5549280536E8007B984A /* Resources */,
			);
			buildRules = (
			);
			dependencies = (
			);
			name = "Testing2022 (iOS)";
			productName = "Testing2022 (iOS)";
			productReference = B97E554B280536E8007B984A /* Testing2022.app */;
			productType = "com.apple.product-type.application";
		};
		B97E5550280536E8007B984A /* Testing2022 (macOS) */ = {
			isa = PBXNativeTarget;
			buildConfigurationList = B97E5577280536E9007B984A /* Build configuration list for PBXNativeTarget "Testing2022 (macOS)" */;
			buildPhases = (
				B97E554D280536E8007B984A /* Sources */,
				B97E554E280536E8007B984A /* Frameworks */,
				B97E554F280536E8007B984A /* Resources */,
			);
			buildRules = (
			);
			dependencies = (
			);
			name = "Testing2022 (macOS)";
			productName = "Testing2022 (macOS)";
			productReference = B97E5551280536E8007B984A /* Testing2022.app */;
			productType = "com.apple.product-type.application";
		};
		B97E5557280536E8007B984A /* Tests iOS */ = {
			isa = PBXNativeTarget;
			buildConfigurationList = B97E557A280536E9007B984A /* Build configuration list for PBXNativeTarget "Tests iOS" */;
			buildPhases = (
				B97E5554280536E8007B984A /* Sources */,
				B97E5555280536E8007B984A /* Frameworks */,
				B97E5556280536E8007B984A /* Resources */,
			);
			buildRules = (
			);
			dependencies = (
				B97E555A280536E8007B984A /* PBXTargetDependency */,
			);
			name = "Tests iOS";
			productName = "Tests iOS";
			productReference = B97E5558280536E8007B984A /* Tests iOS.xctest */;
			productType = "com.apple.product-type.bundle.ui-testing";
		};
		B97E5563280536E8007B984A /* Tests macOS */ = {
			isa = PBXNativeTarget;
			buildConfigurationList = B97E557D280536E9007B984A /* Build configuration list for PBXNativeTarget "Tests macOS" */;
			buildPhases = (
				B97E5560280536E8007B984A /* Sources */,
				B97E5561280536E8007B984A /* Frameworks */,
				B97E5562280536E8007B984A /* Resources */,
			);
			buildRules = (
			);
			dependencies = (
				B97E5566280536E8007B984A /* PBXTargetDependency */,
			);
			name = "Tests macOS";
			productName = "Tests macOS";
			productReference = B97E5564280536E8007B984A /* Tests macOS.xctest */;
			productType = "com.apple.product-type.bundle.ui-testing";
		};
/* End PBXNativeTarget section */

/* Begin PBXProject section */
		B97E553F280536E6007B984A /* Project object */ = {
			isa = PBXProject;
			attributes = {
				BuildIndependentTargetsInParallel = 1;
				LastSwiftUpdateCheck = 1330;
				LastUpgradeCheck = 1340;
				TargetAttributes = {
					B97E554A280536E8007B984A = {
						CreatedOnToolsVersion = 13.3.1;
					};
					B97E5550280536E8007B984A = {
						CreatedOnToolsVersion = 13.3.1;
					};
					B97E5557280536E8007B984A = {
						CreatedOnToolsVersion = 13.3.1;
						TestTargetID = B97E554A280536E8007B984A;
					};
					B97E5563280536E8007B984A = {
						CreatedOnToolsVersion = 13.3.1;
						TestTargetID = B97E5550280536E8007B984A;
					};
				};
			};
			buildConfigurationList = B97E5542280536E6007B984A /* Build configuration list for PBXProject "Testing2022" */;
			compatibilityVersion = "Xcode 13.0";
			developmentRegion = en;
			hasScannedForEncodings = 0;
			knownRegions = (
				en,
				Base,
			);
			mainGroup = B97E553E280536E6007B984A;
			productRefGroup = B97E554C280536E8007B984A /* Products */;
			projectDirPath = "";
			projectRoot = "";
			targets = (
				B97E554A280536E8007B984A /* Testing2022 (iOS) */,
				B97E5550280536E8007B984A /* Testing2022 (macOS) */,
				B97E5557280536E8007B984A /* Tests iOS */,
				B97E5563280536E8007B984A /* Tests macOS */,
			);
		};
/* End PBXProject section */

/* Begin PBXResourcesBuildPhase section */
		B97E5549280536E8007B984A /* Resources */ = {
			isa = PBXResourcesBuildPhase;
			buildActionMask = 2147483647;
			files = (
				B97E5570280536E9007B984A /* Assets.xcassets in Resources */,
			);
			runOnlyForDeploymentPostprocessing = 0;
		};
		B97E554F280536E8007B984A /* Resources */ = {
			isa = PBXResourcesBuildPhase;
			buildActionMask = 2147483647;
			files = (
				B97E5571280536E9007B984A /* Assets.xcassets in Resources */,
			);
			runOnlyForDeploymentPostprocessing = 0;
		};
		B97E5556280536E8007B984A /* Resources */ = {
			isa = PBXResourcesBuildPhase;
			buildActionMask = 2147483647;
			files = (
			);
			runOnlyForDeploymentPostprocessing = 0;
		};
		B97E5562280536E8007B984A /* Resources */ = {
			isa = PBXResourcesBuildPhase;
			buildActionMask = 2147483647;
			files = (
			);
			runOnlyForDeploymentPostprocessing = 0;
		};
/* End PBXResourcesBuildPhase section */

/* Begin PBXSourcesBuildPhase section */
		B97E5547280536E8007B984A /* Sources */ = {
			isa = PBXSourcesBuildPhase;
			buildActionMask = 2147483647;
			files = (
				B9CC738B28064CE300D4D1ED /* BackgroundTasksService.swift in Sources */,
				B97E55842805422E007B984A /* AppDelegate.swift in Sources */,
				B97E556E280536E9007B984A /* ContentView.swift in Sources */,
				B97E558128053767007B984A /* BluetoothService.swift in Sources */,
				B9C8466028078C7D00363259 /* NotificationService.swift in Sources */,
				B97E556C280536E8007B984A /* Testing2022App.swift in Sources */,
			);
			runOnlyForDeploymentPostprocessing = 0;
		};
		B97E554D280536E8007B984A /* Sources */ = {
			isa = PBXSourcesBuildPhase;
			buildActionMask = 2147483647;
			files = (
				B9CC738C28064CE300D4D1ED /* BackgroundTasksService.swift in Sources */,
				B97E55852805422E007B984A /* AppDelegate.swift in Sources */,
				B97E556F280536E9007B984A /* ContentView.swift in Sources */,
				B97E558228053767007B984A /* BluetoothService.swift in Sources */,
				B9C8466128078C7D00363259 /* NotificationService.swift in Sources */,
				B97E556D280536E8007B984A /* Testing2022App.swift in Sources */,
			);
			runOnlyForDeploymentPostprocessing = 0;
		};
		B97E5554280536E8007B984A /* Sources */ = {
			isa = PBXSourcesBuildPhase;
			buildActionMask = 2147483647;
			files = (
				B97E555F280536E8007B984A /* Tests_iOSLaunchTests.swift in Sources */,
				B97E555D280536E8007B984A /* Tests_iOS.swift in Sources */,
			);
			runOnlyForDeploymentPostprocessing = 0;
		};
		B97E5560280536E8007B984A /* Sources */ = {
			isa = PBXSourcesBuildPhase;
			buildActionMask = 2147483647;
			files = (
				B97E556B280536E8007B984A /* Tests_macOSLaunchTests.swift in Sources */,
				B97E5569280536E8007B984A /* Tests_macOS.swift in Sources */,
			);
			runOnlyForDeploymentPostprocessing = 0;
		};
/* End PBXSourcesBuildPhase section */

/* Begin PBXTargetDependency section */
		B97E555A280536E8007B984A /* PBXTargetDependency */ = {
			isa = PBXTargetDependency;
			target = B97E554A280536E8007B984A /* Testing2022 (iOS) */;
			targetProxy = B97E5559280536E8007B984A /* PBXContainerItemProxy */;
		};
		B97E5566280536E8007B984A /* PBXTargetDependency */ = {
			isa = PBXTargetDependency;
			target = B97E5550280536E8007B984A /* Testing2022 (macOS) */;
			targetProxy = B97E5565280536E8007B984A /* PBXContainerItemProxy */;
		};
/* End PBXTargetDependency section */

/* Begin XCBuildConfiguration section */
		B97E5572280536E9007B984A /* Debug */ = {
			isa = XCBuildConfiguration;
			buildSettings = {
				ALWAYS_SEARCH_USER_PATHS = NO;
				CLANG_ANALYZER_NONNULL = YES;
				CLANG_ANALYZER_NUMBER_OBJECT_CONVERSION = YES_AGGRESSIVE;
				CLANG_CXX_LANGUAGE_STANDARD = "gnu++17";
				CLANG_ENABLE_MODULES = YES;
				CLANG_ENABLE_OBJC_ARC = YES;
				CLANG_ENABLE_OBJC_WEAK = YES;
				CLANG_WARN_BLOCK_CAPTURE_AUTORELEASING = YES;
				CLANG_WARN_BOOL_CONVERSION = YES;
				CLANG_WARN_COMMA = YES;
				CLANG_WARN_CONSTANT_CONVERSION = YES;
				CLANG_WARN_DEPRECATED_OBJC_IMPLEMENTATIONS = YES;
				CLANG_WARN_DIRECT_OBJC_ISA_USAGE = YES_ERROR;
				CLANG_WARN_DOCUMENTATION_COMMENTS = YES;
				CLANG_WARN_EMPTY_BODY = YES;
				CLANG_WARN_ENUM_CONVERSION = YES;
				CLANG_WARN_INFINITE_RECURSION = YES;
				CLANG_WARN_INT_CONVERSION = YES;
				CLANG_WARN_NON_LITERAL_NULL_CONVERSION = YES;
				CLANG_WARN_OBJC_IMPLICIT_RETAIN_SELF = YES;
				CLANG_WARN_OBJC_LITERAL_CONVERSION = YES;
				CLANG_WARN_OBJC_ROOT_CLASS = YES_ERROR;
				CLANG_WARN_QUOTED_INCLUDE_IN_FRAMEWORK_HEADER = YES;
				CLANG_WARN_RANGE_LOOP_ANALYSIS = YES;
				CLANG_WARN_STRICT_PROTOTYPES = YES;
				CLANG_WARN_SUSPICIOUS_MOVE = YES;
				CLANG_WARN_UNGUARDED_AVAILABILITY = YES_AGGRESSIVE;
				CLANG_WARN_UNREACHABLE_CODE = YES;
				CLANG_WARN__DUPLICATE_METHOD_MATCH = YES;
				COPY_PHASE_STRIP = NO;
				DEBUG_INFORMATION_FORMAT = dwarf;
				ENABLE_STRICT_OBJC_MSGSEND = YES;
				ENABLE_TESTABILITY = YES;
				GCC_C_LANGUAGE_STANDARD = gnu11;
				GCC_DYNAMIC_NO_PIC = NO;
				GCC_NO_COMMON_BLOCKS = YES;
				GCC_OPTIMIZATION_LEVEL = 0;
				GCC_PREPROCESSOR_DEFINITIONS = (
					"DEBUG=1",
					"$(inherited)",
				);
				GCC_WARN_64_TO_32_BIT_CONVERSION = YES;
				GCC_WARN_ABOUT_RETURN_TYPE = YES_ERROR;
				GCC_WARN_UNDECLARED_SELECTOR = YES;
				GCC_WARN_UNINITIALIZED_AUTOS = YES_AGGRESSIVE;
				GCC_WARN_UNUSED_FUNCTION = YES;
				GCC_WARN_UNUSED_VARIABLE = YES;
				MTL_ENABLE_DEBUG_INFO = INCLUDE_SOURCE;
				MTL_FAST_MATH = YES;
				ONLY_ACTIVE_ARCH = YES;
				SWIFT_ACTIVE_COMPILATION_CONDITIONS = DEBUG;
				SWIFT_OPTIMIZATION_LEVEL = "-Onone";
			};
			name = Debug;
		};
		B97E5573280536E9007B984A /* Release */ = {
			isa = XCBuildConfiguration;
			buildSettings = {
				ALWAYS_SEARCH_USER_PATHS = NO;
				CLANG_ANALYZER_NONNULL = YES;
				CLANG_ANALYZER_NUMBER_OBJECT_CONVERSION = YES_AGGRESSIVE;
				CLANG_CXX_LANGUAGE_STANDARD = "gnu++17";
				CLANG_ENABLE_MODULES = YES;
				CLANG_ENABLE_OBJC_ARC = YES;
				CLANG_ENABLE_OBJC_WEAK = YES;
				CLANG_WARN_BLOCK_CAPTURE_AUTORELEASING = YES;
				CLANG_WARN_BOOL_CONVERSION = YES;
				CLANG_WARN_COMMA = YES;
				CLANG_WARN_CONSTANT_CONVERSION = YES;
				CLANG_WARN_DEPRECATED_OBJC_IMPLEMENTATIONS = YES;
				CLANG_WARN_DIRECT_OBJC_ISA_USAGE = YES_ERROR;
				CLANG_WARN_DOCUMENTATION_COMMENTS = YES;
				CLANG_WARN_EMPTY_BODY = YES;
				CLANG_WARN_ENUM_CONVERSION = YES;
				CLANG_WARN_INFINITE_RECURSION = YES;
				CLANG_WARN_INT_CONVERSION = YES;
				CLANG_WARN_NON_LITERAL_NULL_CONVERSION = YES;
				CLANG_WARN_OBJC_IMPLICIT_RETAIN_SELF = YES;
				CLANG_WARN_OBJC_LITERAL_CONVERSION = YES;
				CLANG_WARN_OBJC_ROOT_CLASS = YES_ERROR;
				CLANG_WARN_QUOTED_INCLUDE_IN_FRAMEWORK_HEADER = YES;
				CLANG_WARN_RANGE_LOOP_ANALYSIS = YES;
				CLANG_WARN_STRICT_PROTOTYPES = YES;
				CLANG_WARN_SUSPICIOUS_MOVE = YES;
				CLANG_WARN_UNGUARDED_AVAILABILITY = YES_AGGRESSIVE;
				CLANG_WARN_UNREACHABLE_CODE = YES;
				CLANG_WARN__DUPLICATE_METHOD_MATCH = YES;
				COPY_PHASE_STRIP = NO;
				DEBUG_INFORMATION_FORMAT = "dwarf-with-dsym";
				ENABLE_NS_ASSERTIONS = NO;
				ENABLE_STRICT_OBJC_MSGSEND = YES;
				GCC_C_LANGUAGE_STANDARD = gnu11;
				GCC_NO_COMMON_BLOCKS = YES;
				GCC_WARN_64_TO_32_BIT_CONVERSION = YES;
				GCC_WARN_ABOUT_RETURN_TYPE = YES_ERROR;
				GCC_WARN_UNDECLARED_SELECTOR = YES;
				GCC_WARN_UNINITIALIZED_AUTOS = YES_AGGRESSIVE;
				GCC_WARN_UNUSED_FUNCTION = YES;
				GCC_WARN_UNUSED_VARIABLE = YES;
				MTL_ENABLE_DEBUG_INFO = NO;
				MTL_FAST_MATH = YES;
				SWIFT_COMPILATION_MODE = wholemodule;
				SWIFT_OPTIMIZATION_LEVEL = "-O";
			};
			name = Release;
		};
		B97E5575280536E9007B984A /* Debug */ = {
			isa = XCBuildConfiguration;
			buildSettings = {
				ASSETCATALOG_COMPILER_APPICON_NAME = AppIcon;
				ASSETCATALOG_COMPILER_GLOBAL_ACCENT_COLOR_NAME = AccentColor;
				CODE_SIGN_STYLE = Automatic;
				CURRENT_PROJECT_VERSION = 1;
				DEVELOPMENT_TEAM = VSBKM7X7YD;
				ENABLE_PREVIEWS = YES;
				GENERATE_INFOPLIST_FILE = YES;
				INFOPLIST_FILE = "Testing2022--iOS--Info.plist";
				INFOPLIST_KEY_NSBluetoothAlwaysUsageDescription = "Can this app use Bluetootth?";
				INFOPLIST_KEY_NSBluetoothPeripheralUsageDescription = "Can this app communicate with Bluetooth peripherals?";
				INFOPLIST_KEY_UIApplicationSceneManifest_Generation = YES;
				INFOPLIST_KEY_UIApplicationSupportsIndirectInputEvents = YES;
				INFOPLIST_KEY_UILaunchScreen_Generation = YES;
				INFOPLIST_KEY_UISupportedInterfaceOrientations_iPad = "UIInterfaceOrientationPortrait UIInterfaceOrientationPortraitUpsideDown UIInterfaceOrientationLandscapeLeft UIInterfaceOrientationLandscapeRight";
				INFOPLIST_KEY_UISupportedInterfaceOrientations_iPhone = "UIInterfaceOrientationPortrait UIInterfaceOrientationLandscapeLeft UIInterfaceOrientationLandscapeRight";
				INFOPLIST_KEY_UIUserInterfaceStyle = Light;
				IPHONEOS_DEPLOYMENT_TARGET = 15.4;
				LD_RUNPATH_SEARCH_PATHS = (
					"$(inherited)",
					"@executable_path/Frameworks",
				);
				MARKETING_VERSION = 1.0;
				PRODUCT_BUNDLE_IDENTIFIER = Millec.Testing2022;
				PRODUCT_NAME = Testing2022;
				SDKROOT = iphoneos;
				SWIFT_EMIT_LOC_STRINGS = YES;
				SWIFT_VERSION = 5.0;
				TARGETED_DEVICE_FAMILY = "1,2";
			};
			name = Debug;
		};
		B97E5576280536E9007B984A /* Release */ = {
			isa = XCBuildConfiguration;
			buildSettings = {
				ASSETCATALOG_COMPILER_APPICON_NAME = AppIcon;
				ASSETCATALOG_COMPILER_GLOBAL_ACCENT_COLOR_NAME = AccentColor;
				CODE_SIGN_STYLE = Automatic;
				CURRENT_PROJECT_VERSION = 1;
				DEVELOPMENT_TEAM = VSBKM7X7YD;
				ENABLE_PREVIEWS = YES;
				GENERATE_INFOPLIST_FILE = YES;
				INFOPLIST_FILE = "Testing2022--iOS--Info.plist";
				INFOPLIST_KEY_NSBluetoothAlwaysUsageDescription = "Can this app use Bluetootth?";
				INFOPLIST_KEY_NSBluetoothPeripheralUsageDescription = "Can this app communicate with Bluetooth peripherals?";
				INFOPLIST_KEY_UIApplicationSceneManifest_Generation = YES;
				INFOPLIST_KEY_UIApplicationSupportsIndirectInputEvents = YES;
				INFOPLIST_KEY_UILaunchScreen_Generation = YES;
				INFOPLIST_KEY_UISupportedInterfaceOrientations_iPad = "UIInterfaceOrientationPortrait UIInterfaceOrientationPortraitUpsideDown UIInterfaceOrientationLandscapeLeft UIInterfaceOrientationLandscapeRight";
				INFOPLIST_KEY_UISupportedInterfaceOrientations_iPhone = "UIInterfaceOrientationPortrait UIInterfaceOrientationLandscapeLeft UIInterfaceOrientationLandscapeRight";
				INFOPLIST_KEY_UIUserInterfaceStyle = Light;
				IPHONEOS_DEPLOYMENT_TARGET = 15.4;
				LD_RUNPATH_SEARCH_PATHS = (
					"$(inherited)",
					"@executable_path/Frameworks",
				);
				MARKETING_VERSION = 1.0;
				PRODUCT_BUNDLE_IDENTIFIER = Millec.Testing2022;
				PRODUCT_NAME = Testing2022;
				SDKROOT = iphoneos;
				SWIFT_EMIT_LOC_STRINGS = YES;
				SWIFT_VERSION = 5.0;
				TARGETED_DEVICE_FAMILY = "1,2";
				VALIDATE_PRODUCT = YES;
			};
			name = Release;
		};
		B97E5578280536E9007B984A /* Debug */ = {
			isa = XCBuildConfiguration;
			buildSettings = {
				ASSETCATALOG_COMPILER_APPICON_NAME = AppIcon;
				ASSETCATALOG_COMPILER_GLOBAL_ACCENT_COLOR_NAME = AccentColor;
				CODE_SIGN_ENTITLEMENTS = macOS/macOS.entitlements;
				CODE_SIGN_IDENTITY = "-";
				CODE_SIGN_STYLE = Automatic;
				COMBINE_HIDPI_IMAGES = YES;
				CURRENT_PROJECT_VERSION = 1;
				DEVELOPMENT_TEAM = 3LD7FM335A;
				ENABLE_HARDENED_RUNTIME = YES;
				ENABLE_PREVIEWS = YES;
				GENERATE_INFOPLIST_FILE = YES;
				INFOPLIST_KEY_NSHumanReadableCopyright = "";
				LD_RUNPATH_SEARCH_PATHS = (
					"$(inherited)",
					"@executable_path/../Frameworks",
				);
				MACOSX_DEPLOYMENT_TARGET = 12.3;
				MARKETING_VERSION = 1.0;
				PRODUCT_BUNDLE_IDENTIFIER = Millec.Testing2022;
				PRODUCT_NAME = Testing2022;
				SDKROOT = macosx;
				SWIFT_EMIT_LOC_STRINGS = YES;
				SWIFT_VERSION = 5.0;
			};
			name = Debug;
		};
		B97E5579280536E9007B984A /* Release */ = {
			isa = XCBuildConfiguration;
			buildSettings = {
				ASSETCATALOG_COMPILER_APPICON_NAME = AppIcon;
				ASSETCATALOG_COMPILER_GLOBAL_ACCENT_COLOR_NAME = AccentColor;
				CODE_SIGN_ENTITLEMENTS = macOS/macOS.entitlements;
				CODE_SIGN_IDENTITY = "-";
				CODE_SIGN_STYLE = Automatic;
				COMBINE_HIDPI_IMAGES = YES;
				CURRENT_PROJECT_VERSION = 1;
				DEVELOPMENT_TEAM = 3LD7FM335A;
				ENABLE_HARDENED_RUNTIME = YES;
				ENABLE_PREVIEWS = YES;
				GENERATE_INFOPLIST_FILE = YES;
				INFOPLIST_KEY_NSHumanReadableCopyright = "";
				LD_RUNPATH_SEARCH_PATHS = (
					"$(inherited)",
					"@executable_path/../Frameworks",
				);
				MACOSX_DEPLOYMENT_TARGET = 12.3;
				MARKETING_VERSION = 1.0;
				PRODUCT_BUNDLE_IDENTIFIER = Millec.Testing2022;
				PRODUCT_NAME = Testing2022;
				SDKROOT = macosx;
				SWIFT_EMIT_LOC_STRINGS = YES;
				SWIFT_VERSION = 5.0;
			};
			name = Release;
		};
		B97E557B280536E9007B984A /* Debug */ = {
			isa = XCBuildConfiguration;
			buildSettings = {
				ALWAYS_EMBED_SWIFT_STANDARD_LIBRARIES = YES;
				CODE_SIGN_STYLE = Automatic;
				CURRENT_PROJECT_VERSION = 1;
				DEVELOPMENT_TEAM = 3LD7FM335A;
				GENERATE_INFOPLIST_FILE = YES;
				IPHONEOS_DEPLOYMENT_TARGET = 15.4;
				MARKETING_VERSION = 1.0;
				PRODUCT_BUNDLE_IDENTIFIER = "Millec.Tests-iOS";
				PRODUCT_NAME = "$(TARGET_NAME)";
				SDKROOT = iphoneos;
				SWIFT_EMIT_LOC_STRINGS = NO;
				SWIFT_VERSION = 5.0;
				TARGETED_DEVICE_FAMILY = "1,2";
				TEST_TARGET_NAME = "Testing2022 (iOS)";
			};
			name = Debug;
		};
		B97E557C280536E9007B984A /* Release */ = {
			isa = XCBuildConfiguration;
			buildSettings = {
				ALWAYS_EMBED_SWIFT_STANDARD_LIBRARIES = YES;
				CODE_SIGN_STYLE = Automatic;
				CURRENT_PROJECT_VERSION = 1;
				DEVELOPMENT_TEAM = 3LD7FM335A;
				GENERATE_INFOPLIST_FILE = YES;
				IPHONEOS_DEPLOYMENT_TARGET = 15.4;
				MARKETING_VERSION = 1.0;
				PRODUCT_BUNDLE_IDENTIFIER = "Millec.Tests-iOS";
				PRODUCT_NAME = "$(TARGET_NAME)";
				SDKROOT = iphoneos;
				SWIFT_EMIT_LOC_STRINGS = NO;
				SWIFT_VERSION = 5.0;
				TARGETED_DEVICE_FAMILY = "1,2";
				TEST_TARGET_NAME = "Testing2022 (iOS)";
				VALIDATE_PRODUCT = YES;
			};
			name = Release;
		};
		B97E557E280536E9007B984A /* Debug */ = {
			isa = XCBuildConfiguration;
			buildSettings = {
				ALWAYS_EMBED_SWIFT_STANDARD_LIBRARIES = YES;
				CODE_SIGN_STYLE = Automatic;
				CURRENT_PROJECT_VERSION = 1;
				DEVELOPMENT_TEAM = 3LD7FM335A;
				GENERATE_INFOPLIST_FILE = YES;
				MACOSX_DEPLOYMENT_TARGET = 12.3;
				MARKETING_VERSION = 1.0;
				PRODUCT_BUNDLE_IDENTIFIER = "Millec.Tests-macOS";
				PRODUCT_NAME = "$(TARGET_NAME)";
				SDKROOT = macosx;
				SWIFT_EMIT_LOC_STRINGS = NO;
				SWIFT_VERSION = 5.0;
				TEST_TARGET_NAME = "Testing2022 (macOS)";
			};
			name = Debug;
		};
		B97E557F280536E9007B984A /* Release */ = {
			isa = XCBuildConfiguration;
			buildSettings = {
				ALWAYS_EMBED_SWIFT_STANDARD_LIBRARIES = YES;
				CODE_SIGN_STYLE = Automatic;
				CURRENT_PROJECT_VERSION = 1;
				DEVELOPMENT_TEAM = 3LD7FM335A;
				GENERATE_INFOPLIST_FILE = YES;
				MACOSX_DEPLOYMENT_TARGET = 12.3;
				MARKETING_VERSION = 1.0;
				PRODUCT_BUNDLE_IDENTIFIER = "Millec.Tests-macOS";
				PRODUCT_NAME = "$(TARGET_NAME)";
				SDKROOT = macosx;
				SWIFT_EMIT_LOC_STRINGS = NO;
				SWIFT_VERSION = 5.0;
				TEST_TARGET_NAME = "Testing2022 (macOS)";
			};
			name = Release;
		};
/* End XCBuildConfiguration section */

/* Begin XCConfigurationList section */
		B97E5542280536E6007B984A /* Build configuration list for PBXProject "Testing2022" */ = {
			isa = XCConfigurationList;
			buildConfigurations = (
				B97E5572280536E9007B984A /* Debug */,
				B97E5573280536E9007B984A /* Release */,
			);
			defaultConfigurationIsVisible = 0;
			defaultConfigurationName = Release;
		};
		B97E5574280536E9007B984A /* Build configuration list for PBXNativeTarget "Testing2022 (iOS)" */ = {
			isa = XCConfigurationList;
			buildConfigurations = (
				B97E5575280536E9007B984A /* Debug */,
				B97E5576280536E9007B984A /* Release */,
			);
			defaultConfigurationIsVisible = 0;
			defaultConfigurationName = Release;
		};
		B97E5577280536E9007B984A /* Build configuration list for PBXNativeTarget "Testing2022 (macOS)" */ = {
			isa = XCConfigurationList;
			buildConfigurations = (
				B97E5578280536E9007B984A /* Debug */,
				B97E5579280536E9007B984A /* Release */,
			);
			defaultConfigurationIsVisible = 0;
			defaultConfigurationName = Release;
		};
		B97E557A280536E9007B984A /* Build configuration list for PBXNativeTarget "Tests iOS" */ = {
			isa = XCConfigurationList;
			buildConfigurations = (
				B97E557B280536E9007B984A /* Debug */,
				B97E557C280536E9007B984A /* Release */,
			);
			defaultConfigurationIsVisible = 0;
			defaultConfigurationName = Release;
		};
		B97E557D280536E9007B984A /* Build configuration list for PBXNativeTarget "Tests macOS" */ = {
			isa = XCConfigurationList;
			buildConfigurations = (
				B97E557E280536E9007B984A /* Debug */,
				B97E557F280536E9007B984A /* Release */,
			);
			defaultConfigurationIsVisible = 0;
			defaultConfigurationName = Release;
		};
/* End XCConfigurationList section */
	};
	rootObject = B97E553F280536E6007B984A /* Project object */;
}
